
Microsoft Visual Studio Solution File, Format Version 12.00
# Visual Studio Version 16
VisualStudioVersion = 16.0.28922.388
MinimumVisualStudioVersion = 10.0.40219.1
Project("{FAE04EC0-301F-11D3-BF4B-00C04F79EFBC}") = "resWebApp", "resWebApp.csproj", "{A72B1CC4-330F-4A61-95C4-DE0341F8A9A0}"
EndProject
Global
	GlobalSection(SolutionConfigurationPlatforms) = preSolution
		Debug|Any CPU = Debug|Any CPU
		Release|Any CPU = Release|Any CPU
	EndGlobalSection
	GlobalSection(ProjectConfigurationPlatforms) = postSolution
		{A72B1CC4-330F-4A61-95C4-DE0341F8A9A0}.Debug|Any CPU.ActiveCfg = Debug|Any CPU
		{A72B1CC4-330F-4A61-95C4-DE0341F8A9A0}.Debug|Any CPU.Build.0 = Debug|Any CPU
		{A72B1CC4-330F-4A61-95C4-DE0341F8A9A0}.Release|Any CPU.ActiveCfg = Release|Any CPU
		{A72B1CC4-330F-4A61-95C4-DE0341F8A9A0}.Release|Any CPU.Build.0 = Release|Any CPU
	EndGlobalSection
	GlobalSection(SolutionProperties) = preSolution
		HideSolutionNode = FALSE
	EndGlobalSection
	GlobalSection(ExtensibilityGlobals) = postSolution
		SolutionGuid = {8286D9F3-5A35-4030-A31B-F912A75DC82C}
	EndGlobalSection
EndGlobal
